
Microsoft Visual Studio Solution File, Format Version 12.00
# Visual Studio Version 17
VisualStudioVersion = 17.7.34031.279
MinimumVisualStudioVersion = 10.0.40219.1
Project("{FAE04EC0-301F-11D3-BF4B-00C04F79EFBC}") = "Garage_HomeWork_6", "Garage_HomeWork_6\Garage_HomeWork_6.csproj", "{CC44F44A-5072-4204-AF59-785E24AF24C1}"
EndProject
Global
	GlobalSection(SolutionConfigurationPlatforms) = preSolution
		Debug|Any CPU = Debug|Any CPU
		Release|Any CPU = Release|Any CPU
	EndGlobalSection
	GlobalSection(ProjectConfigurationPlatforms) = postSolution
		{CC44F44A-5072-4204-AF59-785E24AF24C1}.Debug|Any CPU.ActiveCfg = Debug|Any CPU
		{CC44F44A-5072-4204-AF59-785E24AF24C1}.Debug|Any CPU.Build.0 = Debug|Any CPU
		{CC44F44A-5072-4204-AF59-785E24AF24C1}.Release|Any CPU.ActiveCfg = Release|Any CPU
		{CC44F44A-5072-4204-AF59-785E24AF24C1}.Release|Any CPU.Build.0 = Release|Any CPU
	EndGlobalSection
	GlobalSection(SolutionProperties) = preSolution
		HideSolutionNode = FALSE
	EndGlobalSection
	GlobalSection(ExtensibilityGlobals) = postSolution
		SolutionGuid = {1A58F85D-8397-4160-A7DC-2375005DB9CF}
	EndGlobalSection
EndGlobal
